# This file is autogenerated, do not edit; changes may be undone by the next 'dep ensure'.


[[projects]]
  branch = "master"
  name = "github.com/analogj/go-util"
  packages = ["utils"]
  revision = "5295e364eb144aa8e5af346f41d5d0fc1bdecbf5"

[[projects]]
  name = "github.com/dustin/go-humanize"
  packages = ["."]
  revision = "9f541cc9db5d55bce703bd99987c9d5cb8eea45e"
  version = "v1.0.0"

[[projects]]
  name = "github.com/fatih/color"
  packages = ["."]
  revision = "5b77d2a35fb0ede96d138fc9a99f5c9b6aef11b4"
  version = "v1.7.0"

[[projects]]
  name = "github.com/google/go-tika"
  packages = ["tika"]
  revision = "9cc34a027684a327cd9b2fe9bad85093eec8aac1"
  version = "v0.1.21"

[[projects]]
  name = "github.com/konsorten/go-windows-terminal-sequences"
  packages = ["."]
  revision = "f55edac94c9bbba5d6182a4be46d86a2c9b5b50e"
  version = "v1.0.2"

[[projects]]
  branch = "master"
  name = "github.com/kvz/logstreamer"
  packages = ["."]
  revision = "a635b98146f0f465f3413a0b8ec481f3698d3fc2"

[[projects]]
  name = "github.com/mattn/go-colorable"
  packages = ["."]
  revision = "167de6bfdfba052fa6b2d3664c8f5272e23c9072"
  version = "v0.0.9"

[[projects]]
  name = "github.com/mattn/go-isatty"
  packages = ["."]
  revision = "88ba11cfdc67c7588b30042edf244b2875f892b6"
  version = "v0.0.10"

[[projects]]
  name = "github.com/minio/minio-go"
  packages = [
    ".",
    "pkg/credentials",
    "pkg/encrypt",
    "pkg/s3signer",
    "pkg/s3utils",
    "pkg/set"
  ]
  revision = "c6c2912aa5522e5f5a505e6cba30e95f0d8456fa"
  version = "v6.0.25"

[[projects]]
  name = "github.com/mitchellh/go-homedir"
  packages = ["."]
  revision = "af06845cf3004701891bf4fdb884bfe4920b3727"
  version = "v1.1.0"

[[projects]]
  name = "github.com/sirupsen/logrus"
  packages = ["."]
  revision = "839c75faf7f98a33d445d181f3018b5c3409a45e"
  version = "v1.4.2"

[[projects]]
  branch = "master"
  name = "github.com/streadway/amqp"
  packages = ["."]
  revision = "edfb9018d2714e4ec54dbaba37dbfef2bdadf0e4"

[[projects]]
  name = "github.com/urfave/cli"
  packages = ["."]
  revision = "0bdeddeeb0f650497d603c4ad7b20cfe685682f6"
  version = "v1.19.1"

[[projects]]
  branch = "master"
  name = "golang.org/x/crypto"
  packages = [
    "argon2",
    "blake2b",
    "ssh/terminal"
  ]
  revision = "c7e5f84aec591254278750bee18f39e5dd19cdb5"

[[projects]]
  branch = "master"
  name = "golang.org/x/net"
  packages = [
    "context/ctxhttp",
    "http/httpguts",
    "http2",
    "http2/hpack",
    "idna",
    "publicsuffix"
  ]
  revision = "f9c8255933865a6f8452ccf0cc47ac980da5ac56"

[[projects]]
  branch = "master"
  name = "golang.org/x/sys"
  packages = [
    "cpu",
    "unix",
    "windows"
  ]
  revision = "c1f44814a5cd81a6d1cb589ef1e528bc5d305e07"

[[projects]]
  name = "golang.org/x/text"
  packages = [
    "collate",
    "collate/build",
    "internal/colltab",
    "internal/gen",
    "internal/language",
    "internal/language/compact",
    "internal/tag",
    "internal/triegen",
    "internal/ucd",
    "language",
    "secure/bidirule",
    "transform",
    "unicode/bidi",
    "unicode/cldr",
    "unicode/norm",
    "unicode/rangetable"
  ]
  revision = "342b2e1fbaa52c93f31447ad2c6abc048c63e475"
  version = "v0.3.2"

[[projects]]
  name = "gopkg.in/gographics/imagick.v2"
  packages = [
    "imagick",
    "imagick/types"
  ]
  revision = "589a8ef16fd4f08a29ad26afe5c33fb5673e4efc"
  version = "v2.5.0"

[[projects]]
  name = "gopkg.in/ini.v1"
  packages = ["."]
  revision = "87e589f4917038ae250cff2446db7573f47e97ca"
  version = "v1.51.0"

[solve-meta]
  analyzer-name = "dep"
  analyzer-version = 1
  inputs-digest = "f62c5d21dab881c93d8f60ba6cf54354d4f204df968d089b576b8b66b7a14014"
  solver-name = "gps-cdcl"
  solver-version = 1
